
Microsoft Visual Studio Solution File, Format Version 12.00
Project("{F2A71F9B-5D33-465A-A702-920D77279786}") = "RInGen", "RInGen.fsproj", "{845A8DE1-46E1-40B4-83BC-F963B333E22E}"
EndProject
Project("{F2A71F9B-5D33-465A-A702-920D77279786}") = "Tests", "Tests\Tests.fsproj", "{B3EB00BA-BE47-458E-BC9E-77F0CFAC0741}"
EndProject
Global
	GlobalSection(SolutionConfigurationPlatforms) = preSolution
		Debug|Any CPU = Debug|Any CPU
		Release|Any CPU = Release|Any CPU
	EndGlobalSection
	GlobalSection(ProjectConfigurationPlatforms) = postSolution
		{845A8DE1-46E1-40B4-83BC-F963B333E22E}.Debug|Any CPU.ActiveCfg = Debug|Any CPU
		{845A8DE1-46E1-40B4-83BC-F963B333E22E}.Debug|Any CPU.Build.0 = Debug|Any CPU
		{845A8DE1-46E1-40B4-83BC-F963B333E22E}.Release|Any CPU.ActiveCfg = Release|Any CPU
		{845A8DE1-46E1-40B4-83BC-F963B333E22E}.Release|Any CPU.Build.0 = Release|Any CPU
		{B3EB00BA-BE47-458E-BC9E-77F0CFAC0741}.Debug|Any CPU.ActiveCfg = Debug|Any CPU
		{B3EB00BA-BE47-458E-BC9E-77F0CFAC0741}.Debug|Any CPU.Build.0 = Debug|Any CPU
		{B3EB00BA-BE47-458E-BC9E-77F0CFAC0741}.Release|Any CPU.ActiveCfg = Release|Any CPU
		{B3EB00BA-BE47-458E-BC9E-77F0CFAC0741}.Release|Any CPU.Build.0 = Release|Any CPU
	EndGlobalSection
EndGlobal
